# THIS IS AN AUTOGENERATED FILE. DO NOT EDIT THIS FILE DIRECTLY.
# yarn lockfile v1


litegraph.js@^0.7.14:
  version "0.7.14"
  resolved "https://registry.yarnpkg.com/litegraph.js/-/litegraph.js-0.7.14.tgz#57c689b5d03253b283df33a4272d48fc10118ac1"
  integrity sha512-xVC0a/D3uLZkpdV/HxyrruDIWM0vMOoIhgaUQXYymQ8pKgbeQZKR0OfuI0c7IpQxC+M/uoc9BRDl2Fm0Q3bW0w==
